
Microsoft Visual Studio Solution File, Format Version 12.00
# Visual Studio Version 16
VisualStudioVersion = 16.0.29806.167
MinimumVisualStudioVersion = 10.0.40219.1
Project("{8BC9CEB8-8B4A-11D0-8D11-00A0C91BC942}") = "Profiler", "Profiler.vcxproj", "{A5C24DB2-F20F-4AF3-8513-DDFC5356829C}"
EndProject
Global
	GlobalSection(SolutionConfigurationPlatforms) = preSolution
		Debug|x64 = Debug|x64
		Debug|x86 = Debug|x86
		Release|x64 = Release|x64
		Release|x86 = Release|x86
	EndGlobalSection
	GlobalSection(ProjectConfigurationPlatforms) = postSolution
		{A5C24DB2-F20F-4AF3-8513-DDFC5356829C}.Debug|x64.ActiveCfg = Debug|x64
		{A5C24DB2-F20F-4AF3-8513-DDFC5356829C}.Debug|x64.Build.0 = Debug|x64
		{A5C24DB2-F20F-4AF3-8513-DDFC5356829C}.Debug|x86.ActiveCfg = Debug|Win32
		{A5C24DB2-F20F-4AF3-8513-DDFC5356829C}.Debug|x86.Build.0 = Debug|Win32
		{A5C24DB2-F20F-4AF3-8513-DDFC5356829C}.Release|x64.ActiveCfg = Release|x64
		{A5C24DB2-F20F-4AF3-8513-DDFC5356829C}.Release|x64.Build.0 = Release|x64
		{A5C24DB2-F20F-4AF3-8513-DDFC5356829C}.Release|x86.ActiveCfg = Release|Win32
		{A5C24DB2-F20F-4AF3-8513-DDFC5356829C}.Release|x86.Build.0 = Release|Win32
	EndGlobalSection
	GlobalSection(SolutionProperties) = preSolution
		HideSolutionNode = FALSE
	EndGlobalSection
	GlobalSection(ExtensibilityGlobals) = postSolution
		SolutionGuid = {8362155A-B08C-451C-898E-1A681D319B25}
	EndGlobalSection
EndGlobal
